
Microsoft Visual Studio Solution File, Format Version 12.00
# Visual Studio Version 16
VisualStudioVersion = 16.0.32002.261
MinimumVisualStudioVersion = 10.0.40219.1
Project("{FAE04EC0-301F-11D3-BF4B-00C04F79EFBC}") = "Secret Chat Exam Task", "Secret Chat Exam Task\Secret Chat Exam Task.csproj", "{D0155F45-F5FC-40BD-99EA-8AA79123ABB2}"
EndProject
Global
	GlobalSection(SolutionConfigurationPlatforms) = preSolution
		Debug|Any CPU = Debug|Any CPU
		Release|Any CPU = Release|Any CPU
	EndGlobalSection
	GlobalSection(ProjectConfigurationPlatforms) = postSolution
		{D0155F45-F5FC-40BD-99EA-8AA79123ABB2}.Debug|Any CPU.ActiveCfg = Debug|Any CPU
		{D0155F45-F5FC-40BD-99EA-8AA79123ABB2}.Debug|Any CPU.Build.0 = Debug|Any CPU
		{D0155F45-F5FC-40BD-99EA-8AA79123ABB2}.Release|Any CPU.ActiveCfg = Release|Any CPU
		{D0155F45-F5FC-40BD-99EA-8AA79123ABB2}.Release|Any CPU.Build.0 = Release|Any CPU
	EndGlobalSection
	GlobalSection(SolutionProperties) = preSolution
		HideSolutionNode = FALSE
	EndGlobalSection
	GlobalSection(ExtensibilityGlobals) = postSolution
		SolutionGuid = {D5D67514-EA15-425A-8798-997A77C45005}
	EndGlobalSection
EndGlobal
