
Microsoft Visual Studio Solution File, Format Version 12.00
# Visual Studio Version 16
VisualStudioVersion = 16.0.32002.261
MinimumVisualStudioVersion = 10.0.40219.1
Project("{FAE04EC0-301F-11D3-BF4B-00C04F79EFBC}") = "P!rates Exam Task", "P!rates Exam Task\P!rates Exam Task.csproj", "{F80EB5ED-E7CB-4CF4-B2D1-3EACBC51C0CD}"
EndProject
Global
	GlobalSection(SolutionConfigurationPlatforms) = preSolution
		Debug|Any CPU = Debug|Any CPU
		Release|Any CPU = Release|Any CPU
	EndGlobalSection
	GlobalSection(ProjectConfigurationPlatforms) = postSolution
		{F80EB5ED-E7CB-4CF4-B2D1-3EACBC51C0CD}.Debug|Any CPU.ActiveCfg = Debug|Any CPU
		{F80EB5ED-E7CB-4CF4-B2D1-3EACBC51C0CD}.Debug|Any CPU.Build.0 = Debug|Any CPU
		{F80EB5ED-E7CB-4CF4-B2D1-3EACBC51C0CD}.Release|Any CPU.ActiveCfg = Release|Any CPU
		{F80EB5ED-E7CB-4CF4-B2D1-3EACBC51C0CD}.Release|Any CPU.Build.0 = Release|Any CPU
	EndGlobalSection
	GlobalSection(SolutionProperties) = preSolution
		HideSolutionNode = FALSE
	EndGlobalSection
	GlobalSection(ExtensibilityGlobals) = postSolution
		SolutionGuid = {262D99AD-5C0E-449A-8869-379558CE578C}
	EndGlobalSection
EndGlobal
