
Microsoft Visual Studio Solution File, Format Version 12.00
# Visual Studio Version 16
VisualStudioVersion = 16.0.32002.261
MinimumVisualStudioVersion = 10.0.40219.1
Project("{FAE04EC0-301F-11D3-BF4B-00C04F79EFBC}") = "Plant Discovery Exam Task", "Plant Discovery Exam Task\Plant Discovery Exam Task.csproj", "{938C6C35-0F2B-4F59-BFE9-883512E5E5DF}"
EndProject
Global
	GlobalSection(SolutionConfigurationPlatforms) = preSolution
		Debug|Any CPU = Debug|Any CPU
		Release|Any CPU = Release|Any CPU
	EndGlobalSection
	GlobalSection(ProjectConfigurationPlatforms) = postSolution
		{938C6C35-0F2B-4F59-BFE9-883512E5E5DF}.Debug|Any CPU.ActiveCfg = Debug|Any CPU
		{938C6C35-0F2B-4F59-BFE9-883512E5E5DF}.Debug|Any CPU.Build.0 = Debug|Any CPU
		{938C6C35-0F2B-4F59-BFE9-883512E5E5DF}.Release|Any CPU.ActiveCfg = Release|Any CPU
		{938C6C35-0F2B-4F59-BFE9-883512E5E5DF}.Release|Any CPU.Build.0 = Release|Any CPU
	EndGlobalSection
	GlobalSection(SolutionProperties) = preSolution
		HideSolutionNode = FALSE
	EndGlobalSection
	GlobalSection(ExtensibilityGlobals) = postSolution
		SolutionGuid = {5AB41E50-90C7-4AE0-8B05-7288114F45FF}
	EndGlobalSection
EndGlobal
